
Microsoft Visual Studio Solution File, Format Version 12.00
# Visual Studio Version 17
VisualStudioVersion = 17.9.34714.143
MinimumVisualStudioVersion = 10.0.40219.1
Project("{FAE04EC0-301F-11D3-BF4B-00C04F79EFBC}") = "ProjectPsd", "ProjectPsd\ProjectPsd.csproj", "{2EDEBD8B-F5FB-4947-AE1D-EBFFB23DDADF}"
EndProject
Project("{FAE04EC0-301F-11D3-BF4B-00C04F79EFBC}") = "ProjectPsd_Frontend", "ProjectPsd_Frontend\ProjectPsd_Frontend.csproj", "{8A0AF75A-6873-4A56-87A4-4E1F49FB71E8}"
EndProject
Global
	GlobalSection(SolutionConfigurationPlatforms) = preSolution
		Debug|Any CPU = Debug|Any CPU
		Release|Any CPU = Release|Any CPU
	EndGlobalSection
	GlobalSection(ProjectConfigurationPlatforms) = postSolution
		{2EDEBD8B-F5FB-4947-AE1D-EBFFB23DDADF}.Debug|Any CPU.ActiveCfg = Debug|Any CPU
		{2EDEBD8B-F5FB-4947-AE1D-EBFFB23DDADF}.Debug|Any CPU.Build.0 = Debug|Any CPU
		{2EDEBD8B-F5FB-4947-AE1D-EBFFB23DDADF}.Release|Any CPU.ActiveCfg = Release|Any CPU
		{2EDEBD8B-F5FB-4947-AE1D-EBFFB23DDADF}.Release|Any CPU.Build.0 = Release|Any CPU
		{8A0AF75A-6873-4A56-87A4-4E1F49FB71E8}.Debug|Any CPU.ActiveCfg = Debug|Any CPU
		{8A0AF75A-6873-4A56-87A4-4E1F49FB71E8}.Debug|Any CPU.Build.0 = Debug|Any CPU
		{8A0AF75A-6873-4A56-87A4-4E1F49FB71E8}.Release|Any CPU.ActiveCfg = Release|Any CPU
		{8A0AF75A-6873-4A56-87A4-4E1F49FB71E8}.Release|Any CPU.Build.0 = Release|Any CPU
	EndGlobalSection
	GlobalSection(SolutionProperties) = preSolution
		HideSolutionNode = FALSE
	EndGlobalSection
	GlobalSection(ExtensibilityGlobals) = postSolution
		SolutionGuid = {3E6551CA-E7A4-446F-AA3D-2F989C709F4D}
	EndGlobalSection
EndGlobal
